
Microsoft Visual Studio Solution File, Format Version 12.00
# Visual Studio Version 17
VisualStudioVersion = 17.4.33122.133
MinimumVisualStudioVersion = 10.0.40219.1
Project("{2150E333-8FDC-42A3-9474-1A3956D46DE8}") = "Cplusplus", "Cplusplus", "{CE7D724F-5950-44A2-A8C0-704001F41C2C}"
EndProject
Project("{2150E333-8FDC-42A3-9474-1A3956D46DE8}") = "Csharp", "Csharp", "{CF711B15-4646-4B44-8FC6-1374FC63FCE0}"
EndProject
Project("{9A19103F-16F7-4668-BE54-9A1E7A4F7556}") = "TheColdWorldConfigEditer_Csharp", "CSharp\TheColdWorldConfigEditer\TheColdWorldConfigEditer_Csharp.csproj", "{D7C56580-AB37-408A-BEBE-E917BA3A6901}"
EndProject
Project("{9A19103F-16F7-4668-BE54-9A1E7A4F7556}") = "Debug_Csharp", "CSharp\Debug_Csharp\Debug_Csharp.csproj", "{38A3AE3B-2BD1-4DA0-AD73-DA37A87B7598}"
EndProject
Project("{8BC9CEB8-8B4A-11D0-8D11-00A0C91BC942}") = "TheColdWorldConfigEditer_Windows", "CPlusPlus\TheColdWorldConfigEditer_Windows\TheColdWorldConfigEditer_Windows.vcxproj", "{365D5DB2-2578-4A19-A1C6-A78C0FBAD321}"
EndProject
Project("{8BC9CEB8-8B4A-11D0-8D11-00A0C91BC942}") = "Debug_Cpp", "CPlusPlus\Debug_Cpp\Debug_Cpp.vcxproj", "{AE30D749-F2C4-4541-9835-D03AB4263333}"
EndProject
Project("{2150E333-8FDC-42A3-9474-1A3956D46DE8}") = "Python", "Python", "{EB0184AE-BC46-4512-9D6C-35CC2D01DFD3}"
EndProject
Global
	GlobalSection(SolutionConfigurationPlatforms) = preSolution
		Debug|Any CPU = Debug|Any CPU
		Debug|x64 = Debug|x64
		Debug|x86 = Debug|x86
		Release|Any CPU = Release|Any CPU
		Release|x64 = Release|x64
		Release|x86 = Release|x86
	EndGlobalSection
	GlobalSection(ProjectConfigurationPlatforms) = postSolution
		{D7C56580-AB37-408A-BEBE-E917BA3A6901}.Debug|Any CPU.ActiveCfg = Debug|Any CPU
		{D7C56580-AB37-408A-BEBE-E917BA3A6901}.Debug|Any CPU.Build.0 = Debug|Any CPU
		{D7C56580-AB37-408A-BEBE-E917BA3A6901}.Debug|x64.ActiveCfg = Debug|Any CPU
		{D7C56580-AB37-408A-BEBE-E917BA3A6901}.Debug|x64.Build.0 = Debug|Any CPU
		{D7C56580-AB37-408A-BEBE-E917BA3A6901}.Debug|x86.ActiveCfg = Debug|Any CPU
		{D7C56580-AB37-408A-BEBE-E917BA3A6901}.Debug|x86.Build.0 = Debug|Any CPU
		{D7C56580-AB37-408A-BEBE-E917BA3A6901}.Release|Any CPU.ActiveCfg = Release|Any CPU
		{D7C56580-AB37-408A-BEBE-E917BA3A6901}.Release|Any CPU.Build.0 = Release|Any CPU
		{D7C56580-AB37-408A-BEBE-E917BA3A6901}.Release|x64.ActiveCfg = Release|Any CPU
		{D7C56580-AB37-408A-BEBE-E917BA3A6901}.Release|x64.Build.0 = Release|Any CPU
		{D7C56580-AB37-408A-BEBE-E917BA3A6901}.Release|x86.ActiveCfg = Release|Any CPU
		{D7C56580-AB37-408A-BEBE-E917BA3A6901}.Release|x86.Build.0 = Release|Any CPU
		{38A3AE3B-2BD1-4DA0-AD73-DA37A87B7598}.Debug|Any CPU.ActiveCfg = Debug|Any CPU
		{38A3AE3B-2BD1-4DA0-AD73-DA37A87B7598}.Debug|Any CPU.Build.0 = Debug|Any CPU
		{38A3AE3B-2BD1-4DA0-AD73-DA37A87B7598}.Debug|x64.ActiveCfg = Debug|Any CPU
		{38A3AE3B-2BD1-4DA0-AD73-DA37A87B7598}.Debug|x64.Build.0 = Debug|Any CPU
		{38A3AE3B-2BD1-4DA0-AD73-DA37A87B7598}.Debug|x86.ActiveCfg = Debug|Any CPU
		{38A3AE3B-2BD1-4DA0-AD73-DA37A87B7598}.Debug|x86.Build.0 = Debug|Any CPU
		{38A3AE3B-2BD1-4DA0-AD73-DA37A87B7598}.Release|Any CPU.ActiveCfg = Release|Any CPU
		{38A3AE3B-2BD1-4DA0-AD73-DA37A87B7598}.Release|Any CPU.Build.0 = Release|Any CPU
		{38A3AE3B-2BD1-4DA0-AD73-DA37A87B7598}.Release|x64.ActiveCfg = Release|Any CPU
		{38A3AE3B-2BD1-4DA0-AD73-DA37A87B7598}.Release|x64.Build.0 = Release|Any CPU
		{38A3AE3B-2BD1-4DA0-AD73-DA37A87B7598}.Release|x86.ActiveCfg = Release|Any CPU
		{38A3AE3B-2BD1-4DA0-AD73-DA37A87B7598}.Release|x86.Build.0 = Release|Any CPU
		{365D5DB2-2578-4A19-A1C6-A78C0FBAD321}.Debug|Any CPU.ActiveCfg = Debug|x64
		{365D5DB2-2578-4A19-A1C6-A78C0FBAD321}.Debug|Any CPU.Build.0 = Debug|x64
		{365D5DB2-2578-4A19-A1C6-A78C0FBAD321}.Debug|x64.ActiveCfg = Debug|x64
		{365D5DB2-2578-4A19-A1C6-A78C0FBAD321}.Debug|x64.Build.0 = Debug|x64
		{365D5DB2-2578-4A19-A1C6-A78C0FBAD321}.Debug|x86.ActiveCfg = Debug|Win32
		{365D5DB2-2578-4A19-A1C6-A78C0FBAD321}.Debug|x86.Build.0 = Debug|Win32
		{365D5DB2-2578-4A19-A1C6-A78C0FBAD321}.Release|Any CPU.ActiveCfg = Release|x64
		{365D5DB2-2578-4A19-A1C6-A78C0FBAD321}.Release|Any CPU.Build.0 = Release|x64
		{365D5DB2-2578-4A19-A1C6-A78C0FBAD321}.Release|x64.ActiveCfg = Release|x64
		{365D5DB2-2578-4A19-A1C6-A78C0FBAD321}.Release|x64.Build.0 = Release|x64
		{365D5DB2-2578-4A19-A1C6-A78C0FBAD321}.Release|x86.ActiveCfg = Release|Win32
		{365D5DB2-2578-4A19-A1C6-A78C0FBAD321}.Release|x86.Build.0 = Release|Win32
		{AE30D749-F2C4-4541-9835-D03AB4263333}.Debug|Any CPU.ActiveCfg = Debug|x64
		{AE30D749-F2C4-4541-9835-D03AB4263333}.Debug|Any CPU.Build.0 = Debug|x64
		{AE30D749-F2C4-4541-9835-D03AB4263333}.Debug|x64.ActiveCfg = Debug|x64
		{AE30D749-F2C4-4541-9835-D03AB4263333}.Debug|x64.Build.0 = Debug|x64
		{AE30D749-F2C4-4541-9835-D03AB4263333}.Debug|x86.ActiveCfg = Debug|Win32
		{AE30D749-F2C4-4541-9835-D03AB4263333}.Debug|x86.Build.0 = Debug|Win32
		{AE30D749-F2C4-4541-9835-D03AB4263333}.Release|Any CPU.ActiveCfg = Release|x64
		{AE30D749-F2C4-4541-9835-D03AB4263333}.Release|Any CPU.Build.0 = Release|x64
		{AE30D749-F2C4-4541-9835-D03AB4263333}.Release|x64.ActiveCfg = Release|x64
		{AE30D749-F2C4-4541-9835-D03AB4263333}.Release|x64.Build.0 = Release|x64
		{AE30D749-F2C4-4541-9835-D03AB4263333}.Release|x86.ActiveCfg = Release|Win32
		{AE30D749-F2C4-4541-9835-D03AB4263333}.Release|x86.Build.0 = Release|Win32
	EndGlobalSection
	GlobalSection(SolutionProperties) = preSolution
		HideSolutionNode = FALSE
	EndGlobalSection
	GlobalSection(NestedProjects) = preSolution
		{D7C56580-AB37-408A-BEBE-E917BA3A6901} = {CF711B15-4646-4B44-8FC6-1374FC63FCE0}
		{38A3AE3B-2BD1-4DA0-AD73-DA37A87B7598} = {CF711B15-4646-4B44-8FC6-1374FC63FCE0}
		{365D5DB2-2578-4A19-A1C6-A78C0FBAD321} = {CE7D724F-5950-44A2-A8C0-704001F41C2C}
		{AE30D749-F2C4-4541-9835-D03AB4263333} = {CE7D724F-5950-44A2-A8C0-704001F41C2C}
	EndGlobalSection
	GlobalSection(ExtensibilityGlobals) = postSolution
		SolutionGuid = {CB6D5535-2147-41F9-ADAD-1F0D89F708C0}
	EndGlobalSection
EndGlobal
